<?xml version="1.0" encoding="utf-8"?>
<Project ToolsVersion="14.0" xmlns="http://schemas.microsoft.com/developer/msbuild/2003">
  <ItemGroup>
    <ClCompile Include="pch.cpp" />
    <ClCompile Include="AdaptationField.cpp" />
    <ClCompile Include="AdaptiveHeuristics.cpp" />
    <ClCompile Include="AESCrypto.cpp" />
    <ClCompile Include="AVCParser.cpp" />
    <ClCompile Include="Configuration.cpp" />
    <ClCompile Include="ContentDownloader.cpp" />
    <ClCompile Include="ContentDownloadRegistry.cpp" />
    <ClCompile Include="EncryptionKey.cpp" />
    <ClCompile Include="FileLogger.cpp" />
    <ClCompile Include="HLSAlternateRendition.cpp" />
    <ClCompile Include="HLSController.cpp" />
    <ClCompile Include="HLSControllerFactory.cpp" />
    <ClCompile Include="HLSID3MetadataPayload.cpp" />
    <ClCompile Include="HLSMediaSource.cpp" />
    <ClCompile Include="HLSPlaylist.cpp" />
    <ClCompile Include="HLSPlaylistHandler.cpp" />
    <ClCompile Include="HLSSegment.cpp" />
    <ClCompile Include="HLSVariantStream.cpp" />
    <ClCompile Include="MediaSegment.cpp" />
    <ClCompile Include="MFAudioStream.cpp" />
    <ClCompile Include="MFStreamCommonImpl.cpp" />
    <ClCompile Include="MFVideoStream.cpp" />
    <ClCompile Include="MP3HeaderParser.cpp" />
    <ClCompile Include="PATSection.cpp" />
    <ClCompile Include="PESPacket.cpp" />
    <ClCompile Include="Playlist.cpp" />
    <ClCompile Include="PlaylistHelpers.cpp" />
    <ClCompile Include="PMTSection.cpp" />
    <ClCompile Include="Rendition.cpp" />
    <ClCompile Include="StreamInfo.cpp" />
    <ClCompile Include="Timestamp.cpp" />
    <ClCompile Include="TransportPacket.cpp" />
    <ClCompile Include="TransportStreamParser.cpp" />
  </ItemGroup>
  <ItemGroup>
    <ClInclude Include="pch.h" />
    <ClInclude Include="AdaptationField.h" />
    <ClInclude Include="AdaptiveHeuristics.h" />
    <ClInclude Include="AESCrypto.h" />
    <ClInclude Include="AVCParser.h" />
    <ClInclude Include="BitOp.h" />
    <ClInclude Include="Configuration.h" />
    <ClInclude Include="ContentDownloader.h" />
    <ClInclude Include="ContentDownloadRegistry.h" />
    <ClInclude Include="Cookie.h" />
    <ClInclude Include="EncryptionKey.h" />
    <ClInclude Include="FileLogger.h" />
    <ClInclude Include="HLSAlternateRendition.h" />
    <ClInclude Include="HLSBitrateSwitchEventArgs.h" />
    <ClInclude Include="HLSController.h" />
    <ClInclude Include="HLSControllerFactory.h" />
    <ClInclude Include="HLSDummyByteStream.h" />
    <ClInclude Include="HLSHttpHeaderEntry.h" />
    <ClInclude Include="HLSID3MetadataPayload.h" />
    <ClInclude Include="HLSID3MetadataStream.h" />
    <ClInclude Include="HLSID3TagFrame.h" />
    <ClInclude Include="HLSInbandCCPayload.h" />
    <ClInclude Include="HLSInitialBitrateSelectedEventArgs.h" />
    <ClInclude Include="HLSMediaSource.h" />
    <ClInclude Include="HLSPlaylist.h" />
    <ClInclude Include="HLSPlaylistHandler.h" />
    <ClInclude Include="HLSResourceRequestEventArgs.h" />
    <ClInclude Include="HLSSegment.h" />
    <ClInclude Include="HLSSegmentSwitchEventArgs.h" />
    <ClInclude Include="HLSSlidingWindow.h" />
    <ClInclude Include="HLSStreamSelectionChangedEventArgs.h" />
    <ClInclude Include="HLSSubtitleLocator.h" />
    <ClInclude Include="HLSVariantStream.h" />
    <ClInclude Include="ID3TagParser.h" />
    <ClInclude Include="Interfaces.h" />
    <ClInclude Include="MediaSegment.h" />
    <ClInclude Include="MFAudioStream.h" />
    <ClInclude Include="MFStreamCommonImpl.h" />
    <ClInclude Include="MFVideoStream.h" />
    <ClInclude Include="MP3HeaderParser.h" />
    <ClInclude Include="PATSection.h" />
    <ClInclude Include="PESPacket.h" />
    <ClInclude Include="Playlist.h" />
    <ClInclude Include="PlaylistHelpers.h" />
    <ClInclude Include="PlaylistOM.h" />
    <ClInclude Include="PMTSection.h" />
    <ClInclude Include="Rendition.h" />
    <ClInclude Include="SampleData.h" />
    <ClInclude Include="StopWatch.h" />
    <ClInclude Include="StreamInfo.h" />
    <ClInclude Include="TaskRegistry.h" />
    <ClInclude Include="Timestamp.h" />
    <ClInclude Include="TransportPacket.h" />
    <ClInclude Include="TransportStreamParser.h" />
    <ClInclude Include="TSConstants.h" />
    <ClInclude Include="VariableRate.h" />
  </ItemGroup>
</Project>